
Microsoft Visual Studio Solution File, Format Version 12.00
# Visual Studio Version 17
VisualStudioVersion = 17.4.33110.190
MinimumVisualStudioVersion = 10.0.40219.1
Project("{FAE04EC0-301F-11D3-BF4B-00C04F79EFBC}") = "WebApplication2", "WebApplication2.csproj", "{323A6840-6652-45C5-9A79-85B7896E87E8}"
EndProject
Global
	GlobalSection(SolutionConfigurationPlatforms) = preSolution
		Debug|Any CPU = Debug|Any CPU
		Release|Any CPU = Release|Any CPU
	EndGlobalSection
	GlobalSection(ProjectConfigurationPlatforms) = postSolution
		{323A6840-6652-45C5-9A79-85B7896E87E8}.Debug|Any CPU.ActiveCfg = Debug|Any CPU
		{323A6840-6652-45C5-9A79-85B7896E87E8}.Debug|Any CPU.Build.0 = Debug|Any CPU
		{323A6840-6652-45C5-9A79-85B7896E87E8}.Release|Any CPU.ActiveCfg = Release|Any CPU
		{323A6840-6652-45C5-9A79-85B7896E87E8}.Release|Any CPU.Build.0 = Release|Any CPU
	EndGlobalSection
	GlobalSection(SolutionProperties) = preSolution
		HideSolutionNode = FALSE
	EndGlobalSection
	GlobalSection(ExtensibilityGlobals) = postSolution
		SolutionGuid = {AA5B8AF6-A2EC-47D3-A2B7-9D171C579256}
	EndGlobalSection
EndGlobal
